
Microsoft Visual Studio Solution File, Format Version 12.00
# Visual Studio Version 16
VisualStudioVersion = 16.0.34301.259
MinimumVisualStudioVersion = 10.0.40219.1
Project("{8BC9CEB8-8B4A-11D0-8D11-00A0C91BC942}") = "0001TwoSum", "..\01TwoSum\01TwoSum.vcxproj", "{5371485D-7945-4E3D-82F4-6E016741056C}"
EndProject
Project("{8BC9CEB8-8B4A-11D0-8D11-00A0C91BC942}") = "0015ThreeSum", "..\15ThreeSum\15ThreeSum.vcxproj", "{DC8FD80D-F8DD-410A-B610-7340B1EF48EF}"
EndProject
Project("{8BC9CEB8-8B4A-11D0-8D11-00A0C91BC942}") = "0016ThreeSumClosest", "..\16ThreeSumClosest\16ThreeSumClosest.vcxproj", "{6929E9E7-236E-493B-956B-8FBE95203978}"
EndProject
Project("{8BC9CEB8-8B4A-11D0-8D11-00A0C91BC942}") = "0026RemoveDuplicate", "..\26RemoveDuplicate\26RemoveDuplicate.vcxproj", "{5BE1B55E-A868-4BB6-A0CB-095AC053CCC5}"
EndProject
Project("{8BC9CEB8-8B4A-11D0-8D11-00A0C91BC942}") = "0027RemoveElement", "27RemoveElement\27RemoveElement.vcxproj", "{FF3109A5-0BB5-4474-BF4B-927F44E9E60F}"
EndProject
Project("{8BC9CEB8-8B4A-11D0-8D11-00A0C91BC942}") = "0066Plusone", "66Plusone\66Plusone.vcxproj", "{874EBF2E-2020-4A9B-BE99-82F58D900043}"
EndProject
Project("{8BC9CEB8-8B4A-11D0-8D11-00A0C91BC942}") = "0080RemoveDuplicatesfromSortedArray", "80RemoveDuplicatesfromSortedArray\80RemoveDuplicatesfromSortedArray.vcxproj", "{47016B64-A225-44CE-9985-307C723A87AE}"
EndProject
Project("{8BC9CEB8-8B4A-11D0-8D11-00A0C91BC942}") = "0128LongestConsecutiveSequence", "128LongestConsecutiveSequence\128LongestConsecutiveSequence.vcxproj", "{35E643D9-A936-41D9-8332-10F1569B691E}"
EndProject
Project("{8BC9CEB8-8B4A-11D0-8D11-00A0C91BC942}") = "0134GasStation", "0134GasStation\0134GasStation.vcxproj", "{241C21C5-CF80-44F5-B473-C428EDD725AC}"
EndProject
Project("{8BC9CEB8-8B4A-11D0-8D11-00A0C91BC942}") = "0136singleNumber", "0136singleNumber\0136singleNumber.vcxproj", "{C4546540-C9BC-4687-8A3B-810CE3BA799E}"
EndProject
Project("{8BC9CEB8-8B4A-11D0-8D11-00A0C91BC942}") = "0002AddTwoNumbers", "0002AddTwoNumbers\0002AddTwoNumbers.vcxproj", "{609F3076-063C-4396-8F40-952A7F573312}"
EndProject
Project("{8BC9CEB8-8B4A-11D0-8D11-00A0C91BC942}") = "0019RemoveNthNodeFromEndofList", "0019RemoveNthNodeFromEndofList\0019RemoveNthNodeFromEndofList.vcxproj", "{AC859746-09DC-4A57-BDE5-ADC8C071DEB7}"
EndProject
Project("{8BC9CEB8-8B4A-11D0-8D11-00A0C91BC942}") = "0083RemoveDuplicatesfromSortedList", "0083RemoveDuplicatesfromSortedList\0083RemoveDuplicatesfromSortedList.vcxproj", "{685C820E-0A5B-4905-9DD3-934D145C758B}"
EndProject
Project("{8BC9CEB8-8B4A-11D0-8D11-00A0C91BC942}") = "0082RemoveDuplicatesfromSortedListII", "0082RemoveDuplicatesfromSortedListII\0082RemoveDuplicatesfromSortedListII.vcxproj", "{4BAF413A-D73F-4A28-BF4D-9537A9F1244C}"
EndProject
Project("{8BC9CEB8-8B4A-11D0-8D11-00A0C91BC942}") = "0092ReverseLinkedListII", "0092ReverseLinkedListII\0092ReverseLinkedListII.vcxproj", "{59FE7F6B-BD73-4D03-81BA-83EB54D6D55F}"
EndProject
Project("{8BC9CEB8-8B4A-11D0-8D11-00A0C91BC942}") = "0143ReorderList", "0143ReorderList\0143ReorderList.vcxproj", "{0845AE9F-9089-4F9C-9446-8C74FEC158AF}"
EndProject
Project("{8BC9CEB8-8B4A-11D0-8D11-00A0C91BC942}") = "0141LinkedListCycle", "0141LinkedListCycle\0141LinkedListCycle.vcxproj", "{30316E30-D465-45B3-B901-638F2B287DFB}"
EndProject
Project("{8BC9CEB8-8B4A-11D0-8D11-00A0C91BC942}") = "0142LinkedListCycleII", "0142LinkedListCycleII\0142LinkedListCycleII.vcxproj", "{5FD5381C-E193-4B58-AE62-980131B14BF5}"
EndProject
Project("{8BC9CEB8-8B4A-11D0-8D11-00A0C91BC942}") = "0203RemoveLinkedListElements", "0203RemoveLinkedListElements\0203RemoveLinkedListElements.vcxproj", "{E1C3A86B-4E91-4109-83F6-A869E075500A}"
EndProject
Project("{8BC9CEB8-8B4A-11D0-8D11-00A0C91BC942}") = "0206ReverseLinkedList", "0206ReverseLinkedList\0206ReverseLinkedList.vcxproj", "{A25522F7-656E-47C7-9FC4-CD47AE815431}"
EndProject
Project("{8BC9CEB8-8B4A-11D0-8D11-00A0C91BC942}") = "0008 StringtoInteger", "0008 StringtoInteger\0008 StringtoInteger.vcxproj", "{E1184404-406E-45BC-AE07-2AD793C816ED}"
EndProject
Project("{8BC9CEB8-8B4A-11D0-8D11-00A0C91BC942}") = "0012IntegertoRoman", "0012IntegertoRoman\0012IntegertoRoman.vcxproj", "{67856868-7084-4F1F-B54B-E05F93161D40}"
EndProject
Project("{8BC9CEB8-8B4A-11D0-8D11-00A0C91BC942}") = "0013RomantoInteger", "0013RomantoInteger\0013RomantoInteger.vcxproj", "{53673202-D892-4D23-A7DA-EF9B70AC657B}"
EndProject
Project("{8BC9CEB8-8B4A-11D0-8D11-00A0C91BC942}") = "0014LongestCommonPrefix", "0014LongestCommonPrefix\0014LongestCommonPrefix.vcxproj", "{F8945C76-1652-4D86-B7CE-9D31137281EC}"
EndProject
Project("{8BC9CEB8-8B4A-11D0-8D11-00A0C91BC942}") = "0028ImplementstrStr", "0028ImplementstrStr\0028ImplementstrStr.vcxproj", "{35CAC616-FDE9-40D9-A2F5-8853E74FEF89}"
EndProject
Project("{8BC9CEB8-8B4A-11D0-8D11-00A0C91BC942}") = "0038CountandSay", "0038CountandSay\0038CountandSay.vcxproj", "{C38F63E3-2EB0-4C6A-9361-45D9D9BCE208}"
EndProject
Project("{8BC9CEB8-8B4A-11D0-8D11-00A0C91BC942}") = "0065ValidNumber", "0065ValidNumber\0065ValidNumber.vcxproj", "{102C307B-06C1-43DB-95A9-14ED28F88B18}"
EndProject
Project("{8BC9CEB8-8B4A-11D0-8D11-00A0C91BC942}") = "0067AddBinary", "0067AddBinary\0067AddBinary.vcxproj", "{92EF52B5-0745-461A-A76D-924B16FD4F0F}"
EndProject
Project("{8BC9CEB8-8B4A-11D0-8D11-00A0C91BC942}") = "0125ValidPalindrome", "0125ValidPalindrome\0125ValidPalindrome.vcxproj", "{22C33A8A-2064-4646-B165-ECEC2E08E0AC}"
EndProject
Project("{8BC9CEB8-8B4A-11D0-8D11-00A0C91BC942}") = "0415AddStrings", "0415AddStrings\0415AddStrings.vcxproj", "{6557D970-8CC1-4445-9B83-F9BE48F57F36}"
EndProject
Project("{8BC9CEB8-8B4A-11D0-8D11-00A0C91BC942}") = "0020ValidParentheses", "0020ValidParentheses\0020ValidParentheses.vcxproj", "{328E66EA-D9F9-4C72-81A4-1CAD9BE3CE90}"
EndProject
Project("{8BC9CEB8-8B4A-11D0-8D11-00A0C91BC942}") = "0155MinStack", "0155MinStack\0155MinStack.vcxproj", "{C9606F8E-70D0-4702-9EAF-606C3CCE04A5}"
EndProject
Project("{8BC9CEB8-8B4A-11D0-8D11-00A0C91BC942}") = "0225ImplementStackusingQueues", "0225ImplementStackusingQueues\0225ImplementStackusingQueues.vcxproj", "{27D50524-3A31-4F2E-BA68-92D3C52C38ED}"
EndProject
Project("{8BC9CEB8-8B4A-11D0-8D11-00A0C91BC942}") = "0232ImplementQueueusingStacks", "0232ImplementQueueusingStacks\0232ImplementQueueusingStacks.vcxproj", "{8C7D77D7-A89C-4309-8468-A93E3AEE91F4}"
EndProject
Project("{8BC9CEB8-8B4A-11D0-8D11-00A0C91BC942}") = "0316RemoveDuplicateLetters", "0316RemoveDuplicateLetters\0316RemoveDuplicateLetters.vcxproj", "{5F8570A6-6716-4F61-94F8-0227555124BF}"
EndProject
Project("{8BC9CEB8-8B4A-11D0-8D11-00A0C91BC942}") = "0704BinarySearch", "0704BinarySearch\0704BinarySearch.vcxproj", "{6968CA5A-111E-4A05-A3BC-3DFA0B0DE27B}"
EndProject
Project("{8BC9CEB8-8B4A-11D0-8D11-00A0C91BC942}") = "0035SearchInsertPosition", "0035SearchInsertPosition\0035SearchInsertPosition.vcxproj", "{4C1F215A-7EBC-4DB8-AAE7-617001A3D82E}"
EndProject
Project("{8BC9CEB8-8B4A-11D0-8D11-00A0C91BC942}") = "0034FindFirstandLastPositionofElementinSortedArray", "0034FindFirstandLastPositionofElementinSortedArray\0034FindFirstandLastPositionofElementinSortedArray.vcxproj", "{4BFA0A68-BF2A-4BE3-AAAE-155D30296D61}"
EndProject
Project("{8BC9CEB8-8B4A-11D0-8D11-00A0C91BC942}") = "0977SquaresofaSortedArray", "0977SquaresofaSortedArray\0977SquaresofaSortedArray.vcxproj", "{644C463F-C885-4B92-A72A-55070C372FCF}"
EndProject
Project("{8BC9CEB8-8B4A-11D0-8D11-00A0C91BC942}") = "0242ValidAnagram", "0242ValidAnagram\0242ValidAnagram.vcxproj", "{6443A41B-6D29-44F6-9C9D-0B0A0DB2D258}"
EndProject
Project("{8BC9CEB8-8B4A-11D0-8D11-00A0C91BC942}") = "0349IntersectionofTwoArrays", "0349IntersectionofTwoArrays\0349IntersectionofTwoArrays.vcxproj", "{ABB55541-E7AC-45B2-B8D9-DC64818B1AC1}"
EndProject
Project("{8BC9CEB8-8B4A-11D0-8D11-00A0C91BC942}") = "0202HappyNumber", "0202HappyNumber\0202HappyNumber.vcxproj", "{1CF75C3B-AAD0-44D9-B307-7623A42107DC}"
EndProject
Project("{8BC9CEB8-8B4A-11D0-8D11-00A0C91BC942}") = "0454FourSumII", "0454FourSumII\0454FourSumII.vcxproj", "{6D000867-D2BE-413F-AF63-CC402D400DD1}"
EndProject
Project("{8BC9CEB8-8B4A-11D0-8D11-00A0C91BC942}") = "0383RansomNote", "0383RansomNote\0383RansomNote.vcxproj", "{E865955E-278F-4D6E-A101-3184E5B7FCAE}"
EndProject
Project("{8BC9CEB8-8B4A-11D0-8D11-00A0C91BC942}") = "00184Sum", "00184Sum\00184Sum.vcxproj", "{ACE6AEC7-4065-492A-B3E8-96F70B109B14}"
EndProject
Project("{8BC9CEB8-8B4A-11D0-8D11-00A0C91BC942}") = "0344ReverseString", "0344ReverseString\0344ReverseString.vcxproj", "{0C2673C6-248F-4A2E-9184-147D0CE2359C}"
EndProject
Project("{8BC9CEB8-8B4A-11D0-8D11-00A0C91BC942}") = "0541ReverseStringII", "0541ReverseStringII\0541ReverseStringII.vcxproj", "{7E2671BE-785A-420C-9DAC-BFF0511B020B}"
EndProject
Project("{8BC9CEB8-8B4A-11D0-8D11-00A0C91BC942}") = "0151ReverseWordsinaString", "0151ReverseWordsinaString\0151ReverseWordsinaString.vcxproj", "{468D661D-4F91-44C8-BCCD-D0D8472622DA}"
EndProject
Project("{8BC9CEB8-8B4A-11D0-8D11-00A0C91BC942}") = "0459. Repeated Substring Pattern", "0459. Repeated Substring Pattern\0459. Repeated Substring Pattern.vcxproj", "{EB386DDB-B69C-4B04-9423-7E238AFEA5B9}"
EndProject
Project("{8BC9CEB8-8B4A-11D0-8D11-00A0C91BC942}") = "1047. Remove All Adjacent Duplicates In String", "1047. Remove All Adjacent Duplicates In String\1047. Remove All Adjacent Duplicates In String.vcxproj", "{E6EE6FBF-3FD9-4DCE-8F7A-BC8DCA9710F6}"
EndProject
Project("{8BC9CEB8-8B4A-11D0-8D11-00A0C91BC942}") = "0239. Sliding Window Maximum", "0239. Sliding Window Maximum\0239. Sliding Window Maximum.vcxproj", "{4B98DE18-558F-4FFB-B018-60483FC1195F}"
EndProject
Project("{8BC9CEB8-8B4A-11D0-8D11-00A0C91BC942}") = "0347. Top K Frequent Elements", "347. Top K Frequent Elements\347. Top K Frequent Elements.vcxproj", "{62920E0C-9ADB-4509-B2FF-D3DCE1FE7086}"
EndProject
Project("{8BC9CEB8-8B4A-11D0-8D11-00A0C91BC942}") = "0144. Binary Tree Preorder Traversal", "0144. Binary Tree Preorder Traversal\0144. Binary Tree Preorder Traversal.vcxproj", "{53162FE9-B0BF-4702-9404-69D6EF524B14}"
EndProject
Project("{8BC9CEB8-8B4A-11D0-8D11-00A0C91BC942}") = "0145. Binary Tree Postorder Traversal", "0145. Binary Tree Postorder Traversal\0145. Binary Tree Postorder Traversal.vcxproj", "{0A251BC5-A986-46E9-8DD0-B78A9D863BDC}"
EndProject
Project("{8BC9CEB8-8B4A-11D0-8D11-00A0C91BC942}") = "0094. Binary Tree Inorder Traversal", "0094. Binary Tree Inorder Traversal\0094. Binary Tree Inorder Traversal.vcxproj", "{C04AD931-406C-49FC-9A64-F84AB1CB86A4}"
EndProject
Project("{8BC9CEB8-8B4A-11D0-8D11-00A0C91BC942}") = "0102. Binary Tree Level Order Traversal", "0102. Binary Tree Level Order Traversal\0102. Binary Tree Level Order Traversal.vcxproj", "{5EDEC8F2-76A4-4748-964C-40936CFA6097}"
EndProject
Project("{8BC9CEB8-8B4A-11D0-8D11-00A0C91BC942}") = "0107. Binary Tree Level Order Traversal II", "0107. Binary Tree Level Order Traversal II\0107. Binary Tree Level Order Traversal II.vcxproj", "{01968517-34CC-4552-AF79-053FF0206218}"
EndProject
Project("{8BC9CEB8-8B4A-11D0-8D11-00A0C91BC942}") = "0199. Binary Tree Right Side View", "0199. Binary Tree Right Side View\0199. Binary Tree Right Side View.vcxproj", "{28977CAD-8F08-4371-9D7E-F3C4559A85DA}"
EndProject
Project("{8BC9CEB8-8B4A-11D0-8D11-00A0C91BC942}") = "0637. Average of Levels in Binary Tree", "0637. Average of Levels in Binary Tree\0637. Average of Levels in Binary Tree.vcxproj", "{45266A6E-7D51-4E38-B039-AD553AC0E30A}"
EndProject
Project("{8BC9CEB8-8B4A-11D0-8D11-00A0C91BC942}") = "0429. N-ary Tree Level Order Traversal", "0429. N-ary Tree Level Order Traversal\0429. N-ary Tree Level Order Traversal.vcxproj", "{6E06DF93-EA41-418A-BA66-A947ADAB79AA}"
EndProject
Project("{8BC9CEB8-8B4A-11D0-8D11-00A0C91BC942}") = "0515. Find Largest Value in Each Tree Row", "0515. Find Largest Value in Each Tree Row\0515. Find Largest Value in Each Tree Row.vcxproj", "{0AABDFBE-93F5-41D0-A319-5EEED3F7B784}"
EndProject
Project("{8BC9CEB8-8B4A-11D0-8D11-00A0C91BC942}") = "0116. Populating Next Right Pointers in Each Node", "0116. Populating Next Right Pointers in Each Node\0116. Populating Next Right Pointers in Each Node.vcxproj", "{2E0B8B5A-79C0-4284-855F-5965F777CC43}"
EndProject
Project("{8BC9CEB8-8B4A-11D0-8D11-00A0C91BC942}") = "0104. Maximum Depth of Binary Tree", "0104. Maximum Depth of Binary Tree\0104. Maximum Depth of Binary Tree.vcxproj", "{003B4BF5-B478-4A64-9D63-7AF04855384D}"
EndProject
Project("{8BC9CEB8-8B4A-11D0-8D11-00A0C91BC942}") = "0111. Minimum Depth of Binary Tree", "0111. Minimum Depth of Binary Tree\0111. Minimum Depth of Binary Tree.vcxproj", "{2FCCB560-072E-40C8-BCB5-F330BAB0A4FC}"
EndProject
Project("{8BC9CEB8-8B4A-11D0-8D11-00A0C91BC942}") = "0226. Invert Binary Tree", "0226. Invert Binary Tree\0226. Invert Binary Tree.vcxproj", "{09F68F47-B31A-45CB-9037-522B056DA32A}"
EndProject
Project("{8BC9CEB8-8B4A-11D0-8D11-00A0C91BC942}") = "0101. Symmetric Tree", "0101. Symmetric Tree\0101. Symmetric Tree.vcxproj", "{B2B6DB33-D408-4CB5-BED7-B9F6093ED78A}"
EndProject
Project("{8BC9CEB8-8B4A-11D0-8D11-00A0C91BC942}") = "0222. Count Complete Tree Nodes", "0222. Count Complete Tree Nodes\0222. Count Complete Tree Nodes.vcxproj", "{EC2F8768-296A-4BB8-A2FE-F97126F089E0}"
EndProject
Project("{8BC9CEB8-8B4A-11D0-8D11-00A0C91BC942}") = "0110. Balanced Binary Tree", "0110. Balanced Binary Tree\0110. Balanced Binary Tree.vcxproj", "{83ED6D92-C8EF-4587-9778-0DE96060901E}"
EndProject
Project("{8BC9CEB8-8B4A-11D0-8D11-00A0C91BC942}") = "0257. Binary Tree Paths", "0257. Binary Tree Paths\0257. Binary Tree Paths.vcxproj", "{7DE7D14E-B62E-4B82-AD98-0EBCEC8FA412}"
EndProject
Global
	GlobalSection(SolutionConfigurationPlatforms) = preSolution
		Debug|x64 = Debug|x64
		Debug|x86 = Debug|x86
		Release|x64 = Release|x64
		Release|x86 = Release|x86
	EndGlobalSection
	GlobalSection(ProjectConfigurationPlatforms) = postSolution
		{5371485D-7945-4E3D-82F4-6E016741056C}.Debug|x64.ActiveCfg = Debug|x64
		{5371485D-7945-4E3D-82F4-6E016741056C}.Debug|x64.Build.0 = Debug|x64
		{5371485D-7945-4E3D-82F4-6E016741056C}.Debug|x86.ActiveCfg = Debug|Win32
		{5371485D-7945-4E3D-82F4-6E016741056C}.Debug|x86.Build.0 = Debug|Win32
		{5371485D-7945-4E3D-82F4-6E016741056C}.Release|x64.ActiveCfg = Release|x64
		{5371485D-7945-4E3D-82F4-6E016741056C}.Release|x64.Build.0 = Release|x64
		{5371485D-7945-4E3D-82F4-6E016741056C}.Release|x86.ActiveCfg = Release|Win32
		{5371485D-7945-4E3D-82F4-6E016741056C}.Release|x86.Build.0 = Release|Win32
		{DC8FD80D-F8DD-410A-B610-7340B1EF48EF}.Debug|x64.ActiveCfg = Debug|x64
		{DC8FD80D-F8DD-410A-B610-7340B1EF48EF}.Debug|x64.Build.0 = Debug|x64
		{DC8FD80D-F8DD-410A-B610-7340B1EF48EF}.Debug|x86.ActiveCfg = Debug|Win32
		{DC8FD80D-F8DD-410A-B610-7340B1EF48EF}.Debug|x86.Build.0 = Debug|Win32
		{DC8FD80D-F8DD-410A-B610-7340B1EF48EF}.Release|x64.ActiveCfg = Release|x64
		{DC8FD80D-F8DD-410A-B610-7340B1EF48EF}.Release|x64.Build.0 = Release|x64
		{DC8FD80D-F8DD-410A-B610-7340B1EF48EF}.Release|x86.ActiveCfg = Release|Win32
		{DC8FD80D-F8DD-410A-B610-7340B1EF48EF}.Release|x86.Build.0 = Release|Win32
		{6929E9E7-236E-493B-956B-8FBE95203978}.Debug|x64.ActiveCfg = Debug|x64
		{6929E9E7-236E-493B-956B-8FBE95203978}.Debug|x64.Build.0 = Debug|x64
		{6929E9E7-236E-493B-956B-8FBE95203978}.Debug|x86.ActiveCfg = Debug|Win32
		{6929E9E7-236E-493B-956B-8FBE95203978}.Debug|x86.Build.0 = Debug|Win32
		{6929E9E7-236E-493B-956B-8FBE95203978}.Release|x64.ActiveCfg = Release|x64
		{6929E9E7-236E-493B-956B-8FBE95203978}.Release|x64.Build.0 = Release|x64
		{6929E9E7-236E-493B-956B-8FBE95203978}.Release|x86.ActiveCfg = Release|Win32
		{6929E9E7-236E-493B-956B-8FBE95203978}.Release|x86.Build.0 = Release|Win32
		{5BE1B55E-A868-4BB6-A0CB-095AC053CCC5}.Debug|x64.ActiveCfg = Debug|x64
		{5BE1B55E-A868-4BB6-A0CB-095AC053CCC5}.Debug|x64.Build.0 = Debug|x64
		{5BE1B55E-A868-4BB6-A0CB-095AC053CCC5}.Debug|x86.ActiveCfg = Debug|Win32
		{5BE1B55E-A868-4BB6-A0CB-095AC053CCC5}.Debug|x86.Build.0 = Debug|Win32
		{5BE1B55E-A868-4BB6-A0CB-095AC053CCC5}.Release|x64.ActiveCfg = Release|x64
		{5BE1B55E-A868-4BB6-A0CB-095AC053CCC5}.Release|x64.Build.0 = Release|x64
		{5BE1B55E-A868-4BB6-A0CB-095AC053CCC5}.Release|x86.ActiveCfg = Release|Win32
		{5BE1B55E-A868-4BB6-A0CB-095AC053CCC5}.Release|x86.Build.0 = Release|Win32
		{FF3109A5-0BB5-4474-BF4B-927F44E9E60F}.Debug|x64.ActiveCfg = Debug|x64
		{FF3109A5-0BB5-4474-BF4B-927F44E9E60F}.Debug|x64.Build.0 = Debug|x64
		{FF3109A5-0BB5-4474-BF4B-927F44E9E60F}.Debug|x86.ActiveCfg = Debug|Win32
		{FF3109A5-0BB5-4474-BF4B-927F44E9E60F}.Debug|x86.Build.0 = Debug|Win32
		{FF3109A5-0BB5-4474-BF4B-927F44E9E60F}.Release|x64.ActiveCfg = Release|x64
		{FF3109A5-0BB5-4474-BF4B-927F44E9E60F}.Release|x64.Build.0 = Release|x64
		{FF3109A5-0BB5-4474-BF4B-927F44E9E60F}.Release|x86.ActiveCfg = Release|Win32
		{FF3109A5-0BB5-4474-BF4B-927F44E9E60F}.Release|x86.Build.0 = Release|Win32
		{874EBF2E-2020-4A9B-BE99-82F58D900043}.Debug|x64.ActiveCfg = Debug|x64
		{874EBF2E-2020-4A9B-BE99-82F58D900043}.Debug|x64.Build.0 = Debug|x64
		{874EBF2E-2020-4A9B-BE99-82F58D900043}.Debug|x86.ActiveCfg = Debug|Win32
		{874EBF2E-2020-4A9B-BE99-82F58D900043}.Debug|x86.Build.0 = Debug|Win32
		{874EBF2E-2020-4A9B-BE99-82F58D900043}.Release|x64.ActiveCfg = Release|x64
		{874EBF2E-2020-4A9B-BE99-82F58D900043}.Release|x64.Build.0 = Release|x64
		{874EBF2E-2020-4A9B-BE99-82F58D900043}.Release|x86.ActiveCfg = Release|Win32
		{874EBF2E-2020-4A9B-BE99-82F58D900043}.Release|x86.Build.0 = Release|Win32
		{47016B64-A225-44CE-9985-307C723A87AE}.Debug|x64.ActiveCfg = Debug|x64
		{47016B64-A225-44CE-9985-307C723A87AE}.Debug|x64.Build.0 = Debug|x64
		{47016B64-A225-44CE-9985-307C723A87AE}.Debug|x86.ActiveCfg = Debug|Win32
		{47016B64-A225-44CE-9985-307C723A87AE}.Debug|x86.Build.0 = Debug|Win32
		{47016B64-A225-44CE-9985-307C723A87AE}.Release|x64.ActiveCfg = Release|x64
		{47016B64-A225-44CE-9985-307C723A87AE}.Release|x64.Build.0 = Release|x64
		{47016B64-A225-44CE-9985-307C723A87AE}.Release|x86.ActiveCfg = Release|Win32
		{47016B64-A225-44CE-9985-307C723A87AE}.Release|x86.Build.0 = Release|Win32
		{35E643D9-A936-41D9-8332-10F1569B691E}.Debug|x64.ActiveCfg = Debug|x64
		{35E643D9-A936-41D9-8332-10F1569B691E}.Debug|x64.Build.0 = Debug|x64
		{35E643D9-A936-41D9-8332-10F1569B691E}.Debug|x86.ActiveCfg = Debug|Win32
		{35E643D9-A936-41D9-8332-10F1569B691E}.Debug|x86.Build.0 = Debug|Win32
		{35E643D9-A936-41D9-8332-10F1569B691E}.Release|x64.ActiveCfg = Release|x64
		{35E643D9-A936-41D9-8332-10F1569B691E}.Release|x64.Build.0 = Release|x64
		{35E643D9-A936-41D9-8332-10F1569B691E}.Release|x86.ActiveCfg = Release|Win32
		{35E643D9-A936-41D9-8332-10F1569B691E}.Release|x86.Build.0 = Release|Win32
		{241C21C5-CF80-44F5-B473-C428EDD725AC}.Debug|x64.ActiveCfg = Debug|x64
		{241C21C5-CF80-44F5-B473-C428EDD725AC}.Debug|x64.Build.0 = Debug|x64
		{241C21C5-CF80-44F5-B473-C428EDD725AC}.Debug|x86.ActiveCfg = Debug|Win32
		{241C21C5-CF80-44F5-B473-C428EDD725AC}.Debug|x86.Build.0 = Debug|Win32
		{241C21C5-CF80-44F5-B473-C428EDD725AC}.Release|x64.ActiveCfg = Release|x64
		{241C21C5-CF80-44F5-B473-C428EDD725AC}.Release|x64.Build.0 = Release|x64
		{241C21C5-CF80-44F5-B473-C428EDD725AC}.Release|x86.ActiveCfg = Release|Win32
		{241C21C5-CF80-44F5-B473-C428EDD725AC}.Release|x86.Build.0 = Release|Win32
		{C4546540-C9BC-4687-8A3B-810CE3BA799E}.Debug|x64.ActiveCfg = Debug|x64
		{C4546540-C9BC-4687-8A3B-810CE3BA799E}.Debug|x64.Build.0 = Debug|x64
		{C4546540-C9BC-4687-8A3B-810CE3BA799E}.Debug|x86.ActiveCfg = Debug|Win32
		{C4546540-C9BC-4687-8A3B-810CE3BA799E}.Debug|x86.Build.0 = Debug|Win32
		{C4546540-C9BC-4687-8A3B-810CE3BA799E}.Release|x64.ActiveCfg = Release|x64
		{C4546540-C9BC-4687-8A3B-810CE3BA799E}.Release|x64.Build.0 = Release|x64
		{C4546540-C9BC-4687-8A3B-810CE3BA799E}.Release|x86.ActiveCfg = Release|Win32
		{C4546540-C9BC-4687-8A3B-810CE3BA799E}.Release|x86.Build.0 = Release|Win32
		{609F3076-063C-4396-8F40-952A7F573312}.Debug|x64.ActiveCfg = Debug|x64
		{609F3076-063C-4396-8F40-952A7F573312}.Debug|x64.Build.0 = Debug|x64
		{609F3076-063C-4396-8F40-952A7F573312}.Debug|x86.ActiveCfg = Debug|Win32
		{609F3076-063C-4396-8F40-952A7F573312}.Debug|x86.Build.0 = Debug|Win32
		{609F3076-063C-4396-8F40-952A7F573312}.Release|x64.ActiveCfg = Release|x64
		{609F3076-063C-4396-8F40-952A7F573312}.Release|x64.Build.0 = Release|x64
		{609F3076-063C-4396-8F40-952A7F573312}.Release|x86.ActiveCfg = Release|Win32
		{609F3076-063C-4396-8F40-952A7F573312}.Release|x86.Build.0 = Release|Win32
		{AC859746-09DC-4A57-BDE5-ADC8C071DEB7}.Debug|x64.ActiveCfg = Debug|x64
		{AC859746-09DC-4A57-BDE5-ADC8C071DEB7}.Debug|x64.Build.0 = Debug|x64
		{AC859746-09DC-4A57-BDE5-ADC8C071DEB7}.Debug|x86.ActiveCfg = Debug|Win32
		{AC859746-09DC-4A57-BDE5-ADC8C071DEB7}.Debug|x86.Build.0 = Debug|Win32
		{AC859746-09DC-4A57-BDE5-ADC8C071DEB7}.Release|x64.ActiveCfg = Release|x64
		{AC859746-09DC-4A57-BDE5-ADC8C071DEB7}.Release|x64.Build.0 = Release|x64
		{AC859746-09DC-4A57-BDE5-ADC8C071DEB7}.Release|x86.ActiveCfg = Release|Win32
		{AC859746-09DC-4A57-BDE5-ADC8C071DEB7}.Release|x86.Build.0 = Release|Win32
		{685C820E-0A5B-4905-9DD3-934D145C758B}.Debug|x64.ActiveCfg = Debug|x64
		{685C820E-0A5B-4905-9DD3-934D145C758B}.Debug|x64.Build.0 = Debug|x64
		{685C820E-0A5B-4905-9DD3-934D145C758B}.Debug|x86.ActiveCfg = Debug|Win32
		{685C820E-0A5B-4905-9DD3-934D145C758B}.Debug|x86.Build.0 = Debug|Win32
		{685C820E-0A5B-4905-9DD3-934D145C758B}.Release|x64.ActiveCfg = Release|x64
		{685C820E-0A5B-4905-9DD3-934D145C758B}.Release|x64.Build.0 = Release|x64
		{685C820E-0A5B-4905-9DD3-934D145C758B}.Release|x86.ActiveCfg = Release|Win32
		{685C820E-0A5B-4905-9DD3-934D145C758B}.Release|x86.Build.0 = Release|Win32
		{4BAF413A-D73F-4A28-BF4D-9537A9F1244C}.Debug|x64.ActiveCfg = Debug|x64
		{4BAF413A-D73F-4A28-BF4D-9537A9F1244C}.Debug|x64.Build.0 = Debug|x64
		{4BAF413A-D73F-4A28-BF4D-9537A9F1244C}.Debug|x86.ActiveCfg = Debug|Win32
		{4BAF413A-D73F-4A28-BF4D-9537A9F1244C}.Debug|x86.Build.0 = Debug|Win32
		{4BAF413A-D73F-4A28-BF4D-9537A9F1244C}.Release|x64.ActiveCfg = Release|x64
		{4BAF413A-D73F-4A28-BF4D-9537A9F1244C}.Release|x64.Build.0 = Release|x64
		{4BAF413A-D73F-4A28-BF4D-9537A9F1244C}.Release|x86.ActiveCfg = Release|Win32
		{4BAF413A-D73F-4A28-BF4D-9537A9F1244C}.Release|x86.Build.0 = Release|Win32
		{59FE7F6B-BD73-4D03-81BA-83EB54D6D55F}.Debug|x64.ActiveCfg = Debug|x64
		{59FE7F6B-BD73-4D03-81BA-83EB54D6D55F}.Debug|x64.Build.0 = Debug|x64
		{59FE7F6B-BD73-4D03-81BA-83EB54D6D55F}.Debug|x86.ActiveCfg = Debug|Win32
		{59FE7F6B-BD73-4D03-81BA-83EB54D6D55F}.Debug|x86.Build.0 = Debug|Win32
		{59FE7F6B-BD73-4D03-81BA-83EB54D6D55F}.Release|x64.ActiveCfg = Release|x64
		{59FE7F6B-BD73-4D03-81BA-83EB54D6D55F}.Release|x64.Build.0 = Release|x64
		{59FE7F6B-BD73-4D03-81BA-83EB54D6D55F}.Release|x86.ActiveCfg = Release|Win32
		{59FE7F6B-BD73-4D03-81BA-83EB54D6D55F}.Release|x86.Build.0 = Release|Win32
		{0845AE9F-9089-4F9C-9446-8C74FEC158AF}.Debug|x64.ActiveCfg = Debug|x64
		{0845AE9F-9089-4F9C-9446-8C74FEC158AF}.Debug|x64.Build.0 = Debug|x64
		{0845AE9F-9089-4F9C-9446-8C74FEC158AF}.Debug|x86.ActiveCfg = Debug|Win32
		{0845AE9F-9089-4F9C-9446-8C74FEC158AF}.Debug|x86.Build.0 = Debug|Win32
		{0845AE9F-9089-4F9C-9446-8C74FEC158AF}.Release|x64.ActiveCfg = Release|x64
		{0845AE9F-9089-4F9C-9446-8C74FEC158AF}.Release|x64.Build.0 = Release|x64
		{0845AE9F-9089-4F9C-9446-8C74FEC158AF}.Release|x86.ActiveCfg = Release|Win32
		{0845AE9F-9089-4F9C-9446-8C74FEC158AF}.Release|x86.Build.0 = Release|Win32
		{30316E30-D465-45B3-B901-638F2B287DFB}.Debug|x64.ActiveCfg = Debug|x64
		{30316E30-D465-45B3-B901-638F2B287DFB}.Debug|x64.Build.0 = Debug|x64
		{30316E30-D465-45B3-B901-638F2B287DFB}.Debug|x86.ActiveCfg = Debug|Win32
		{30316E30-D465-45B3-B901-638F2B287DFB}.Debug|x86.Build.0 = Debug|Win32
		{30316E30-D465-45B3-B901-638F2B287DFB}.Release|x64.ActiveCfg = Release|x64
		{30316E30-D465-45B3-B901-638F2B287DFB}.Release|x64.Build.0 = Release|x64
		{30316E30-D465-45B3-B901-638F2B287DFB}.Release|x86.ActiveCfg = Release|Win32
		{30316E30-D465-45B3-B901-638F2B287DFB}.Release|x86.Build.0 = Release|Win32
		{5FD5381C-E193-4B58-AE62-980131B14BF5}.Debug|x64.ActiveCfg = Debug|x64
		{5FD5381C-E193-4B58-AE62-980131B14BF5}.Debug|x64.Build.0 = Debug|x64
		{5FD5381C-E193-4B58-AE62-980131B14BF5}.Debug|x86.ActiveCfg = Debug|Win32
		{5FD5381C-E193-4B58-AE62-980131B14BF5}.Debug|x86.Build.0 = Debug|Win32
		{5FD5381C-E193-4B58-AE62-980131B14BF5}.Release|x64.ActiveCfg = Release|x64
		{5FD5381C-E193-4B58-AE62-980131B14BF5}.Release|x64.Build.0 = Release|x64
		{5FD5381C-E193-4B58-AE62-980131B14BF5}.Release|x86.ActiveCfg = Release|Win32
		{5FD5381C-E193-4B58-AE62-980131B14BF5}.Release|x86.Build.0 = Release|Win32
		{E1C3A86B-4E91-4109-83F6-A869E075500A}.Debug|x64.ActiveCfg = Debug|x64
		{E1C3A86B-4E91-4109-83F6-A869E075500A}.Debug|x64.Build.0 = Debug|x64
		{E1C3A86B-4E91-4109-83F6-A869E075500A}.Debug|x86.ActiveCfg = Debug|Win32
		{E1C3A86B-4E91-4109-83F6-A869E075500A}.Debug|x86.Build.0 = Debug|Win32
		{E1C3A86B-4E91-4109-83F6-A869E075500A}.Release|x64.ActiveCfg = Release|x64
		{E1C3A86B-4E91-4109-83F6-A869E075500A}.Release|x64.Build.0 = Release|x64
		{E1C3A86B-4E91-4109-83F6-A869E075500A}.Release|x86.ActiveCfg = Release|Win32
		{E1C3A86B-4E91-4109-83F6-A869E075500A}.Release|x86.Build.0 = Release|Win32
		{A25522F7-656E-47C7-9FC4-CD47AE815431}.Debug|x64.ActiveCfg = Debug|x64
		{A25522F7-656E-47C7-9FC4-CD47AE815431}.Debug|x64.Build.0 = Debug|x64
		{A25522F7-656E-47C7-9FC4-CD47AE815431}.Debug|x86.ActiveCfg = Debug|Win32
		{A25522F7-656E-47C7-9FC4-CD47AE815431}.Debug|x86.Build.0 = Debug|Win32
		{A25522F7-656E-47C7-9FC4-CD47AE815431}.Release|x64.ActiveCfg = Release|x64
		{A25522F7-656E-47C7-9FC4-CD47AE815431}.Release|x64.Build.0 = Release|x64
		{A25522F7-656E-47C7-9FC4-CD47AE815431}.Release|x86.ActiveCfg = Release|Win32
		{A25522F7-656E-47C7-9FC4-CD47AE815431}.Release|x86.Build.0 = Release|Win32
		{E1184404-406E-45BC-AE07-2AD793C816ED}.Debug|x64.ActiveCfg = Debug|x64
		{E1184404-406E-45BC-AE07-2AD793C816ED}.Debug|x64.Build.0 = Debug|x64
		{E1184404-406E-45BC-AE07-2AD793C816ED}.Debug|x86.ActiveCfg = Debug|Win32
		{E1184404-406E-45BC-AE07-2AD793C816ED}.Debug|x86.Build.0 = Debug|Win32
		{E1184404-406E-45BC-AE07-2AD793C816ED}.Release|x64.ActiveCfg = Release|x64
		{E1184404-406E-45BC-AE07-2AD793C816ED}.Release|x64.Build.0 = Release|x64
		{E1184404-406E-45BC-AE07-2AD793C816ED}.Release|x86.ActiveCfg = Release|Win32
		{E1184404-406E-45BC-AE07-2AD793C816ED}.Release|x86.Build.0 = Release|Win32
		{67856868-7084-4F1F-B54B-E05F93161D40}.Debug|x64.ActiveCfg = Debug|x64
		{67856868-7084-4F1F-B54B-E05F93161D40}.Debug|x64.Build.0 = Debug|x64
		{67856868-7084-4F1F-B54B-E05F93161D40}.Debug|x86.ActiveCfg = Debug|Win32
		{67856868-7084-4F1F-B54B-E05F93161D40}.Debug|x86.Build.0 = Debug|Win32
		{67856868-7084-4F1F-B54B-E05F93161D40}.Release|x64.ActiveCfg = Release|x64
		{67856868-7084-4F1F-B54B-E05F93161D40}.Release|x64.Build.0 = Release|x64
		{67856868-7084-4F1F-B54B-E05F93161D40}.Release|x86.ActiveCfg = Release|Win32
		{67856868-7084-4F1F-B54B-E05F93161D40}.Release|x86.Build.0 = Release|Win32
		{53673202-D892-4D23-A7DA-EF9B70AC657B}.Debug|x64.ActiveCfg = Debug|x64
		{53673202-D892-4D23-A7DA-EF9B70AC657B}.Debug|x64.Build.0 = Debug|x64
		{53673202-D892-4D23-A7DA-EF9B70AC657B}.Debug|x86.ActiveCfg = Debug|Win32
		{53673202-D892-4D23-A7DA-EF9B70AC657B}.Debug|x86.Build.0 = Debug|Win32
		{53673202-D892-4D23-A7DA-EF9B70AC657B}.Release|x64.ActiveCfg = Release|x64
		{53673202-D892-4D23-A7DA-EF9B70AC657B}.Release|x64.Build.0 = Release|x64
		{53673202-D892-4D23-A7DA-EF9B70AC657B}.Release|x86.ActiveCfg = Release|Win32
		{53673202-D892-4D23-A7DA-EF9B70AC657B}.Release|x86.Build.0 = Release|Win32
		{F8945C76-1652-4D86-B7CE-9D31137281EC}.Debug|x64.ActiveCfg = Debug|x64
		{F8945C76-1652-4D86-B7CE-9D31137281EC}.Debug|x64.Build.0 = Debug|x64
		{F8945C76-1652-4D86-B7CE-9D31137281EC}.Debug|x86.ActiveCfg = Debug|Win32
		{F8945C76-1652-4D86-B7CE-9D31137281EC}.Debug|x86.Build.0 = Debug|Win32
		{F8945C76-1652-4D86-B7CE-9D31137281EC}.Release|x64.ActiveCfg = Release|x64
		{F8945C76-1652-4D86-B7CE-9D31137281EC}.Release|x64.Build.0 = Release|x64
		{F8945C76-1652-4D86-B7CE-9D31137281EC}.Release|x86.ActiveCfg = Release|Win32
		{F8945C76-1652-4D86-B7CE-9D31137281EC}.Release|x86.Build.0 = Release|Win32
		{35CAC616-FDE9-40D9-A2F5-8853E74FEF89}.Debug|x64.ActiveCfg = Debug|x64
		{35CAC616-FDE9-40D9-A2F5-8853E74FEF89}.Debug|x64.Build.0 = Debug|x64
		{35CAC616-FDE9-40D9-A2F5-8853E74FEF89}.Debug|x86.ActiveCfg = Debug|Win32
		{35CAC616-FDE9-40D9-A2F5-8853E74FEF89}.Debug|x86.Build.0 = Debug|Win32
		{35CAC616-FDE9-40D9-A2F5-8853E74FEF89}.Release|x64.ActiveCfg = Release|x64
		{35CAC616-FDE9-40D9-A2F5-8853E74FEF89}.Release|x64.Build.0 = Release|x64
		{35CAC616-FDE9-40D9-A2F5-8853E74FEF89}.Release|x86.ActiveCfg = Release|Win32
		{35CAC616-FDE9-40D9-A2F5-8853E74FEF89}.Release|x86.Build.0 = Release|Win32
		{C38F63E3-2EB0-4C6A-9361-45D9D9BCE208}.Debug|x64.ActiveCfg = Debug|x64
		{C38F63E3-2EB0-4C6A-9361-45D9D9BCE208}.Debug|x64.Build.0 = Debug|x64
		{C38F63E3-2EB0-4C6A-9361-45D9D9BCE208}.Debug|x86.ActiveCfg = Debug|Win32
		{C38F63E3-2EB0-4C6A-9361-45D9D9BCE208}.Debug|x86.Build.0 = Debug|Win32
		{C38F63E3-2EB0-4C6A-9361-45D9D9BCE208}.Release|x64.ActiveCfg = Release|x64
		{C38F63E3-2EB0-4C6A-9361-45D9D9BCE208}.Release|x64.Build.0 = Release|x64
		{C38F63E3-2EB0-4C6A-9361-45D9D9BCE208}.Release|x86.ActiveCfg = Release|Win32
		{C38F63E3-2EB0-4C6A-9361-45D9D9BCE208}.Release|x86.Build.0 = Release|Win32
		{102C307B-06C1-43DB-95A9-14ED28F88B18}.Debug|x64.ActiveCfg = Debug|x64
		{102C307B-06C1-43DB-95A9-14ED28F88B18}.Debug|x64.Build.0 = Debug|x64
		{102C307B-06C1-43DB-95A9-14ED28F88B18}.Debug|x86.ActiveCfg = Debug|Win32
		{102C307B-06C1-43DB-95A9-14ED28F88B18}.Debug|x86.Build.0 = Debug|Win32
		{102C307B-06C1-43DB-95A9-14ED28F88B18}.Release|x64.ActiveCfg = Release|x64
		{102C307B-06C1-43DB-95A9-14ED28F88B18}.Release|x64.Build.0 = Release|x64
		{102C307B-06C1-43DB-95A9-14ED28F88B18}.Release|x86.ActiveCfg = Release|Win32
		{102C307B-06C1-43DB-95A9-14ED28F88B18}.Release|x86.Build.0 = Release|Win32
		{92EF52B5-0745-461A-A76D-924B16FD4F0F}.Debug|x64.ActiveCfg = Debug|x64
		{92EF52B5-0745-461A-A76D-924B16FD4F0F}.Debug|x64.Build.0 = Debug|x64
		{92EF52B5-0745-461A-A76D-924B16FD4F0F}.Debug|x86.ActiveCfg = Debug|Win32
		{92EF52B5-0745-461A-A76D-924B16FD4F0F}.Debug|x86.Build.0 = Debug|Win32
		{92EF52B5-0745-461A-A76D-924B16FD4F0F}.Release|x64.ActiveCfg = Release|x64
		{92EF52B5-0745-461A-A76D-924B16FD4F0F}.Release|x64.Build.0 = Release|x64
		{92EF52B5-0745-461A-A76D-924B16FD4F0F}.Release|x86.ActiveCfg = Release|Win32
		{92EF52B5-0745-461A-A76D-924B16FD4F0F}.Release|x86.Build.0 = Release|Win32
		{22C33A8A-2064-4646-B165-ECEC2E08E0AC}.Debug|x64.ActiveCfg = Debug|x64
		{22C33A8A-2064-4646-B165-ECEC2E08E0AC}.Debug|x64.Build.0 = Debug|x64
		{22C33A8A-2064-4646-B165-ECEC2E08E0AC}.Debug|x86.ActiveCfg = Debug|Win32
		{22C33A8A-2064-4646-B165-ECEC2E08E0AC}.Debug|x86.Build.0 = Debug|Win32
		{22C33A8A-2064-4646-B165-ECEC2E08E0AC}.Release|x64.ActiveCfg = Release|x64
		{22C33A8A-2064-4646-B165-ECEC2E08E0AC}.Release|x64.Build.0 = Release|x64
		{22C33A8A-2064-4646-B165-ECEC2E08E0AC}.Release|x86.ActiveCfg = Release|Win32
		{22C33A8A-2064-4646-B165-ECEC2E08E0AC}.Release|x86.Build.0 = Release|Win32
		{6557D970-8CC1-4445-9B83-F9BE48F57F36}.Debug|x64.ActiveCfg = Debug|x64
		{6557D970-8CC1-4445-9B83-F9BE48F57F36}.Debug|x64.Build.0 = Debug|x64
		{6557D970-8CC1-4445-9B83-F9BE48F57F36}.Debug|x86.ActiveCfg = Debug|Win32
		{6557D970-8CC1-4445-9B83-F9BE48F57F36}.Debug|x86.Build.0 = Debug|Win32
		{6557D970-8CC1-4445-9B83-F9BE48F57F36}.Release|x64.ActiveCfg = Release|x64
		{6557D970-8CC1-4445-9B83-F9BE48F57F36}.Release|x64.Build.0 = Release|x64
		{6557D970-8CC1-4445-9B83-F9BE48F57F36}.Release|x86.ActiveCfg = Release|Win32
		{6557D970-8CC1-4445-9B83-F9BE48F57F36}.Release|x86.Build.0 = Release|Win32
		{328E66EA-D9F9-4C72-81A4-1CAD9BE3CE90}.Debug|x64.ActiveCfg = Debug|x64
		{328E66EA-D9F9-4C72-81A4-1CAD9BE3CE90}.Debug|x64.Build.0 = Debug|x64
		{328E66EA-D9F9-4C72-81A4-1CAD9BE3CE90}.Debug|x86.ActiveCfg = Debug|Win32
		{328E66EA-D9F9-4C72-81A4-1CAD9BE3CE90}.Debug|x86.Build.0 = Debug|Win32
		{328E66EA-D9F9-4C72-81A4-1CAD9BE3CE90}.Release|x64.ActiveCfg = Release|x64
		{328E66EA-D9F9-4C72-81A4-1CAD9BE3CE90}.Release|x64.Build.0 = Release|x64
		{328E66EA-D9F9-4C72-81A4-1CAD9BE3CE90}.Release|x86.ActiveCfg = Release|Win32
		{328E66EA-D9F9-4C72-81A4-1CAD9BE3CE90}.Release|x86.Build.0 = Release|Win32
		{C9606F8E-70D0-4702-9EAF-606C3CCE04A5}.Debug|x64.ActiveCfg = Debug|x64
		{C9606F8E-70D0-4702-9EAF-606C3CCE04A5}.Debug|x64.Build.0 = Debug|x64
		{C9606F8E-70D0-4702-9EAF-606C3CCE04A5}.Debug|x86.ActiveCfg = Debug|Win32
		{C9606F8E-70D0-4702-9EAF-606C3CCE04A5}.Debug|x86.Build.0 = Debug|Win32
		{C9606F8E-70D0-4702-9EAF-606C3CCE04A5}.Release|x64.ActiveCfg = Release|x64
		{C9606F8E-70D0-4702-9EAF-606C3CCE04A5}.Release|x64.Build.0 = Release|x64
		{C9606F8E-70D0-4702-9EAF-606C3CCE04A5}.Release|x86.ActiveCfg = Release|Win32
		{C9606F8E-70D0-4702-9EAF-606C3CCE04A5}.Release|x86.Build.0 = Release|Win32
		{27D50524-3A31-4F2E-BA68-92D3C52C38ED}.Debug|x64.ActiveCfg = Debug|x64
		{27D50524-3A31-4F2E-BA68-92D3C52C38ED}.Debug|x64.Build.0 = Debug|x64
		{27D50524-3A31-4F2E-BA68-92D3C52C38ED}.Debug|x86.ActiveCfg = Debug|Win32
		{27D50524-3A31-4F2E-BA68-92D3C52C38ED}.Debug|x86.Build.0 = Debug|Win32
		{27D50524-3A31-4F2E-BA68-92D3C52C38ED}.Release|x64.ActiveCfg = Release|x64
		{27D50524-3A31-4F2E-BA68-92D3C52C38ED}.Release|x64.Build.0 = Release|x64
		{27D50524-3A31-4F2E-BA68-92D3C52C38ED}.Release|x86.ActiveCfg = Release|Win32
		{27D50524-3A31-4F2E-BA68-92D3C52C38ED}.Release|x86.Build.0 = Release|Win32
		{8C7D77D7-A89C-4309-8468-A93E3AEE91F4}.Debug|x64.ActiveCfg = Debug|x64
		{8C7D77D7-A89C-4309-8468-A93E3AEE91F4}.Debug|x64.Build.0 = Debug|x64
		{8C7D77D7-A89C-4309-8468-A93E3AEE91F4}.Debug|x86.ActiveCfg = Debug|Win32
		{8C7D77D7-A89C-4309-8468-A93E3AEE91F4}.Debug|x86.Build.0 = Debug|Win32
		{8C7D77D7-A89C-4309-8468-A93E3AEE91F4}.Release|x64.ActiveCfg = Release|x64
		{8C7D77D7-A89C-4309-8468-A93E3AEE91F4}.Release|x64.Build.0 = Release|x64
		{8C7D77D7-A89C-4309-8468-A93E3AEE91F4}.Release|x86.ActiveCfg = Release|Win32
		{8C7D77D7-A89C-4309-8468-A93E3AEE91F4}.Release|x86.Build.0 = Release|Win32
		{5F8570A6-6716-4F61-94F8-0227555124BF}.Debug|x64.ActiveCfg = Debug|x64
		{5F8570A6-6716-4F61-94F8-0227555124BF}.Debug|x64.Build.0 = Debug|x64
		{5F8570A6-6716-4F61-94F8-0227555124BF}.Debug|x86.ActiveCfg = Debug|Win32
		{5F8570A6-6716-4F61-94F8-0227555124BF}.Debug|x86.Build.0 = Debug|Win32
		{5F8570A6-6716-4F61-94F8-0227555124BF}.Release|x64.ActiveCfg = Release|x64
		{5F8570A6-6716-4F61-94F8-0227555124BF}.Release|x64.Build.0 = Release|x64
		{5F8570A6-6716-4F61-94F8-0227555124BF}.Release|x86.ActiveCfg = Release|Win32
		{5F8570A6-6716-4F61-94F8-0227555124BF}.Release|x86.Build.0 = Release|Win32
		{6968CA5A-111E-4A05-A3BC-3DFA0B0DE27B}.Debug|x64.ActiveCfg = Debug|x64
		{6968CA5A-111E-4A05-A3BC-3DFA0B0DE27B}.Debug|x64.Build.0 = Debug|x64
		{6968CA5A-111E-4A05-A3BC-3DFA0B0DE27B}.Debug|x86.ActiveCfg = Debug|Win32
		{6968CA5A-111E-4A05-A3BC-3DFA0B0DE27B}.Debug|x86.Build.0 = Debug|Win32
		{6968CA5A-111E-4A05-A3BC-3DFA0B0DE27B}.Release|x64.ActiveCfg = Release|x64
		{6968CA5A-111E-4A05-A3BC-3DFA0B0DE27B}.Release|x64.Build.0 = Release|x64
		{6968CA5A-111E-4A05-A3BC-3DFA0B0DE27B}.Release|x86.ActiveCfg = Release|Win32
		{6968CA5A-111E-4A05-A3BC-3DFA0B0DE27B}.Release|x86.Build.0 = Release|Win32
		{4C1F215A-7EBC-4DB8-AAE7-617001A3D82E}.Debug|x64.ActiveCfg = Debug|x64
		{4C1F215A-7EBC-4DB8-AAE7-617001A3D82E}.Debug|x64.Build.0 = Debug|x64
		{4C1F215A-7EBC-4DB8-AAE7-617001A3D82E}.Debug|x86.ActiveCfg = Debug|Win32
		{4C1F215A-7EBC-4DB8-AAE7-617001A3D82E}.Debug|x86.Build.0 = Debug|Win32
		{4C1F215A-7EBC-4DB8-AAE7-617001A3D82E}.Release|x64.ActiveCfg = Release|x64
		{4C1F215A-7EBC-4DB8-AAE7-617001A3D82E}.Release|x64.Build.0 = Release|x64
		{4C1F215A-7EBC-4DB8-AAE7-617001A3D82E}.Release|x86.ActiveCfg = Release|Win32
		{4C1F215A-7EBC-4DB8-AAE7-617001A3D82E}.Release|x86.Build.0 = Release|Win32
		{4BFA0A68-BF2A-4BE3-AAAE-155D30296D61}.Debug|x64.ActiveCfg = Debug|x64
		{4BFA0A68-BF2A-4BE3-AAAE-155D30296D61}.Debug|x64.Build.0 = Debug|x64
		{4BFA0A68-BF2A-4BE3-AAAE-155D30296D61}.Debug|x86.ActiveCfg = Debug|Win32
		{4BFA0A68-BF2A-4BE3-AAAE-155D30296D61}.Debug|x86.Build.0 = Debug|Win32
		{4BFA0A68-BF2A-4BE3-AAAE-155D30296D61}.Release|x64.ActiveCfg = Release|x64
		{4BFA0A68-BF2A-4BE3-AAAE-155D30296D61}.Release|x64.Build.0 = Release|x64
		{4BFA0A68-BF2A-4BE3-AAAE-155D30296D61}.Release|x86.ActiveCfg = Release|Win32
		{4BFA0A68-BF2A-4BE3-AAAE-155D30296D61}.Release|x86.Build.0 = Release|Win32
		{644C463F-C885-4B92-A72A-55070C372FCF}.Debug|x64.ActiveCfg = Debug|x64
		{644C463F-C885-4B92-A72A-55070C372FCF}.Debug|x64.Build.0 = Debug|x64
		{644C463F-C885-4B92-A72A-55070C372FCF}.Debug|x86.ActiveCfg = Debug|Win32
		{644C463F-C885-4B92-A72A-55070C372FCF}.Debug|x86.Build.0 = Debug|Win32
		{644C463F-C885-4B92-A72A-55070C372FCF}.Release|x64.ActiveCfg = Release|x64
		{644C463F-C885-4B92-A72A-55070C372FCF}.Release|x64.Build.0 = Release|x64
		{644C463F-C885-4B92-A72A-55070C372FCF}.Release|x86.ActiveCfg = Release|Win32
		{644C463F-C885-4B92-A72A-55070C372FCF}.Release|x86.Build.0 = Release|Win32
		{6443A41B-6D29-44F6-9C9D-0B0A0DB2D258}.Debug|x64.ActiveCfg = Debug|x64
		{6443A41B-6D29-44F6-9C9D-0B0A0DB2D258}.Debug|x64.Build.0 = Debug|x64
		{6443A41B-6D29-44F6-9C9D-0B0A0DB2D258}.Debug|x86.ActiveCfg = Debug|Win32
		{6443A41B-6D29-44F6-9C9D-0B0A0DB2D258}.Debug|x86.Build.0 = Debug|Win32
		{6443A41B-6D29-44F6-9C9D-0B0A0DB2D258}.Release|x64.ActiveCfg = Release|x64
		{6443A41B-6D29-44F6-9C9D-0B0A0DB2D258}.Release|x64.Build.0 = Release|x64
		{6443A41B-6D29-44F6-9C9D-0B0A0DB2D258}.Release|x86.ActiveCfg = Release|Win32
		{6443A41B-6D29-44F6-9C9D-0B0A0DB2D258}.Release|x86.Build.0 = Release|Win32
		{ABB55541-E7AC-45B2-B8D9-DC64818B1AC1}.Debug|x64.ActiveCfg = Debug|x64
		{ABB55541-E7AC-45B2-B8D9-DC64818B1AC1}.Debug|x64.Build.0 = Debug|x64
		{ABB55541-E7AC-45B2-B8D9-DC64818B1AC1}.Debug|x86.ActiveCfg = Debug|Win32
		{ABB55541-E7AC-45B2-B8D9-DC64818B1AC1}.Debug|x86.Build.0 = Debug|Win32
		{ABB55541-E7AC-45B2-B8D9-DC64818B1AC1}.Release|x64.ActiveCfg = Release|x64
		{ABB55541-E7AC-45B2-B8D9-DC64818B1AC1}.Release|x64.Build.0 = Release|x64
		{ABB55541-E7AC-45B2-B8D9-DC64818B1AC1}.Release|x86.ActiveCfg = Release|Win32
		{ABB55541-E7AC-45B2-B8D9-DC64818B1AC1}.Release|x86.Build.0 = Release|Win32
		{1CF75C3B-AAD0-44D9-B307-7623A42107DC}.Debug|x64.ActiveCfg = Debug|x64
		{1CF75C3B-AAD0-44D9-B307-7623A42107DC}.Debug|x64.Build.0 = Debug|x64
		{1CF75C3B-AAD0-44D9-B307-7623A42107DC}.Debug|x86.ActiveCfg = Debug|Win32
		{1CF75C3B-AAD0-44D9-B307-7623A42107DC}.Debug|x86.Build.0 = Debug|Win32
		{1CF75C3B-AAD0-44D9-B307-7623A42107DC}.Release|x64.ActiveCfg = Release|x64
		{1CF75C3B-AAD0-44D9-B307-7623A42107DC}.Release|x64.Build.0 = Release|x64
		{1CF75C3B-AAD0-44D9-B307-7623A42107DC}.Release|x86.ActiveCfg = Release|Win32
		{1CF75C3B-AAD0-44D9-B307-7623A42107DC}.Release|x86.Build.0 = Release|Win32
		{6D000867-D2BE-413F-AF63-CC402D400DD1}.Debug|x64.ActiveCfg = Debug|x64
		{6D000867-D2BE-413F-AF63-CC402D400DD1}.Debug|x64.Build.0 = Debug|x64
		{6D000867-D2BE-413F-AF63-CC402D400DD1}.Debug|x86.ActiveCfg = Debug|Win32
		{6D000867-D2BE-413F-AF63-CC402D400DD1}.Debug|x86.Build.0 = Debug|Win32
		{6D000867-D2BE-413F-AF63-CC402D400DD1}.Release|x64.ActiveCfg = Release|x64
		{6D000867-D2BE-413F-AF63-CC402D400DD1}.Release|x64.Build.0 = Release|x64
		{6D000867-D2BE-413F-AF63-CC402D400DD1}.Release|x86.ActiveCfg = Release|Win32
		{6D000867-D2BE-413F-AF63-CC402D400DD1}.Release|x86.Build.0 = Release|Win32
		{E865955E-278F-4D6E-A101-3184E5B7FCAE}.Debug|x64.ActiveCfg = Debug|x64
		{E865955E-278F-4D6E-A101-3184E5B7FCAE}.Debug|x64.Build.0 = Debug|x64
		{E865955E-278F-4D6E-A101-3184E5B7FCAE}.Debug|x86.ActiveCfg = Debug|Win32
		{E865955E-278F-4D6E-A101-3184E5B7FCAE}.Debug|x86.Build.0 = Debug|Win32
		{E865955E-278F-4D6E-A101-3184E5B7FCAE}.Release|x64.ActiveCfg = Release|x64
		{E865955E-278F-4D6E-A101-3184E5B7FCAE}.Release|x64.Build.0 = Release|x64
		{E865955E-278F-4D6E-A101-3184E5B7FCAE}.Release|x86.ActiveCfg = Release|Win32
		{E865955E-278F-4D6E-A101-3184E5B7FCAE}.Release|x86.Build.0 = Release|Win32
		{ACE6AEC7-4065-492A-B3E8-96F70B109B14}.Debug|x64.ActiveCfg = Debug|x64
		{ACE6AEC7-4065-492A-B3E8-96F70B109B14}.Debug|x64.Build.0 = Debug|x64
		{ACE6AEC7-4065-492A-B3E8-96F70B109B14}.Debug|x86.ActiveCfg = Debug|Win32
		{ACE6AEC7-4065-492A-B3E8-96F70B109B14}.Debug|x86.Build.0 = Debug|Win32
		{ACE6AEC7-4065-492A-B3E8-96F70B109B14}.Release|x64.ActiveCfg = Release|x64
		{ACE6AEC7-4065-492A-B3E8-96F70B109B14}.Release|x64.Build.0 = Release|x64
		{ACE6AEC7-4065-492A-B3E8-96F70B109B14}.Release|x86.ActiveCfg = Release|Win32
		{ACE6AEC7-4065-492A-B3E8-96F70B109B14}.Release|x86.Build.0 = Release|Win32
		{0C2673C6-248F-4A2E-9184-147D0CE2359C}.Debug|x64.ActiveCfg = Debug|x64
		{0C2673C6-248F-4A2E-9184-147D0CE2359C}.Debug|x64.Build.0 = Debug|x64
		{0C2673C6-248F-4A2E-9184-147D0CE2359C}.Debug|x86.ActiveCfg = Debug|Win32
		{0C2673C6-248F-4A2E-9184-147D0CE2359C}.Debug|x86.Build.0 = Debug|Win32
		{0C2673C6-248F-4A2E-9184-147D0CE2359C}.Release|x64.ActiveCfg = Release|x64
		{0C2673C6-248F-4A2E-9184-147D0CE2359C}.Release|x64.Build.0 = Release|x64
		{0C2673C6-248F-4A2E-9184-147D0CE2359C}.Release|x86.ActiveCfg = Release|Win32
		{0C2673C6-248F-4A2E-9184-147D0CE2359C}.Release|x86.Build.0 = Release|Win32
		{7E2671BE-785A-420C-9DAC-BFF0511B020B}.Debug|x64.ActiveCfg = Debug|x64
		{7E2671BE-785A-420C-9DAC-BFF0511B020B}.Debug|x64.Build.0 = Debug|x64
		{7E2671BE-785A-420C-9DAC-BFF0511B020B}.Debug|x86.ActiveCfg = Debug|Win32
		{7E2671BE-785A-420C-9DAC-BFF0511B020B}.Debug|x86.Build.0 = Debug|Win32
		{7E2671BE-785A-420C-9DAC-BFF0511B020B}.Release|x64.ActiveCfg = Release|x64
		{7E2671BE-785A-420C-9DAC-BFF0511B020B}.Release|x64.Build.0 = Release|x64
		{7E2671BE-785A-420C-9DAC-BFF0511B020B}.Release|x86.ActiveCfg = Release|Win32
		{7E2671BE-785A-420C-9DAC-BFF0511B020B}.Release|x86.Build.0 = Release|Win32
		{468D661D-4F91-44C8-BCCD-D0D8472622DA}.Debug|x64.ActiveCfg = Debug|x64
		{468D661D-4F91-44C8-BCCD-D0D8472622DA}.Debug|x64.Build.0 = Debug|x64
		{468D661D-4F91-44C8-BCCD-D0D8472622DA}.Debug|x86.ActiveCfg = Debug|Win32
		{468D661D-4F91-44C8-BCCD-D0D8472622DA}.Debug|x86.Build.0 = Debug|Win32
		{468D661D-4F91-44C8-BCCD-D0D8472622DA}.Release|x64.ActiveCfg = Release|x64
		{468D661D-4F91-44C8-BCCD-D0D8472622DA}.Release|x64.Build.0 = Release|x64
		{468D661D-4F91-44C8-BCCD-D0D8472622DA}.Release|x86.ActiveCfg = Release|Win32
		{468D661D-4F91-44C8-BCCD-D0D8472622DA}.Release|x86.Build.0 = Release|Win32
		{EB386DDB-B69C-4B04-9423-7E238AFEA5B9}.Debug|x64.ActiveCfg = Debug|x64
		{EB386DDB-B69C-4B04-9423-7E238AFEA5B9}.Debug|x64.Build.0 = Debug|x64
		{EB386DDB-B69C-4B04-9423-7E238AFEA5B9}.Debug|x86.ActiveCfg = Debug|Win32
		{EB386DDB-B69C-4B04-9423-7E238AFEA5B9}.Debug|x86.Build.0 = Debug|Win32
		{EB386DDB-B69C-4B04-9423-7E238AFEA5B9}.Release|x64.ActiveCfg = Release|x64
		{EB386DDB-B69C-4B04-9423-7E238AFEA5B9}.Release|x64.Build.0 = Release|x64
		{EB386DDB-B69C-4B04-9423-7E238AFEA5B9}.Release|x86.ActiveCfg = Release|Win32
		{EB386DDB-B69C-4B04-9423-7E238AFEA5B9}.Release|x86.Build.0 = Release|Win32
		{E6EE6FBF-3FD9-4DCE-8F7A-BC8DCA9710F6}.Debug|x64.ActiveCfg = Debug|x64
		{E6EE6FBF-3FD9-4DCE-8F7A-BC8DCA9710F6}.Debug|x64.Build.0 = Debug|x64
		{E6EE6FBF-3FD9-4DCE-8F7A-BC8DCA9710F6}.Debug|x86.ActiveCfg = Debug|Win32
		{E6EE6FBF-3FD9-4DCE-8F7A-BC8DCA9710F6}.Debug|x86.Build.0 = Debug|Win32
		{E6EE6FBF-3FD9-4DCE-8F7A-BC8DCA9710F6}.Release|x64.ActiveCfg = Release|x64
		{E6EE6FBF-3FD9-4DCE-8F7A-BC8DCA9710F6}.Release|x64.Build.0 = Release|x64
		{E6EE6FBF-3FD9-4DCE-8F7A-BC8DCA9710F6}.Release|x86.ActiveCfg = Release|Win32
		{E6EE6FBF-3FD9-4DCE-8F7A-BC8DCA9710F6}.Release|x86.Build.0 = Release|Win32
		{4B98DE18-558F-4FFB-B018-60483FC1195F}.Debug|x64.ActiveCfg = Debug|x64
		{4B98DE18-558F-4FFB-B018-60483FC1195F}.Debug|x64.Build.0 = Debug|x64
		{4B98DE18-558F-4FFB-B018-60483FC1195F}.Debug|x86.ActiveCfg = Debug|Win32
		{4B98DE18-558F-4FFB-B018-60483FC1195F}.Debug|x86.Build.0 = Debug|Win32
		{4B98DE18-558F-4FFB-B018-60483FC1195F}.Release|x64.ActiveCfg = Release|x64
		{4B98DE18-558F-4FFB-B018-60483FC1195F}.Release|x64.Build.0 = Release|x64
		{4B98DE18-558F-4FFB-B018-60483FC1195F}.Release|x86.ActiveCfg = Release|Win32
		{4B98DE18-558F-4FFB-B018-60483FC1195F}.Release|x86.Build.0 = Release|Win32
		{62920E0C-9ADB-4509-B2FF-D3DCE1FE7086}.Debug|x64.ActiveCfg = Debug|x64
		{62920E0C-9ADB-4509-B2FF-D3DCE1FE7086}.Debug|x64.Build.0 = Debug|x64
		{62920E0C-9ADB-4509-B2FF-D3DCE1FE7086}.Debug|x86.ActiveCfg = Debug|Win32
		{62920E0C-9ADB-4509-B2FF-D3DCE1FE7086}.Debug|x86.Build.0 = Debug|Win32
		{62920E0C-9ADB-4509-B2FF-D3DCE1FE7086}.Release|x64.ActiveCfg = Release|x64
		{62920E0C-9ADB-4509-B2FF-D3DCE1FE7086}.Release|x64.Build.0 = Release|x64
		{62920E0C-9ADB-4509-B2FF-D3DCE1FE7086}.Release|x86.ActiveCfg = Release|Win32
		{62920E0C-9ADB-4509-B2FF-D3DCE1FE7086}.Release|x86.Build.0 = Release|Win32
		{53162FE9-B0BF-4702-9404-69D6EF524B14}.Debug|x64.ActiveCfg = Debug|x64
		{53162FE9-B0BF-4702-9404-69D6EF524B14}.Debug|x64.Build.0 = Debug|x64
		{53162FE9-B0BF-4702-9404-69D6EF524B14}.Debug|x86.ActiveCfg = Debug|Win32
		{53162FE9-B0BF-4702-9404-69D6EF524B14}.Debug|x86.Build.0 = Debug|Win32
		{53162FE9-B0BF-4702-9404-69D6EF524B14}.Release|x64.ActiveCfg = Release|x64
		{53162FE9-B0BF-4702-9404-69D6EF524B14}.Release|x64.Build.0 = Release|x64
		{53162FE9-B0BF-4702-9404-69D6EF524B14}.Release|x86.ActiveCfg = Release|Win32
		{53162FE9-B0BF-4702-9404-69D6EF524B14}.Release|x86.Build.0 = Release|Win32
		{0A251BC5-A986-46E9-8DD0-B78A9D863BDC}.Debug|x64.ActiveCfg = Debug|x64
		{0A251BC5-A986-46E9-8DD0-B78A9D863BDC}.Debug|x64.Build.0 = Debug|x64
		{0A251BC5-A986-46E9-8DD0-B78A9D863BDC}.Debug|x86.ActiveCfg = Debug|Win32
		{0A251BC5-A986-46E9-8DD0-B78A9D863BDC}.Debug|x86.Build.0 = Debug|Win32
		{0A251BC5-A986-46E9-8DD0-B78A9D863BDC}.Release|x64.ActiveCfg = Release|x64
		{0A251BC5-A986-46E9-8DD0-B78A9D863BDC}.Release|x64.Build.0 = Release|x64
		{0A251BC5-A986-46E9-8DD0-B78A9D863BDC}.Release|x86.ActiveCfg = Release|Win32
		{0A251BC5-A986-46E9-8DD0-B78A9D863BDC}.Release|x86.Build.0 = Release|Win32
		{C04AD931-406C-49FC-9A64-F84AB1CB86A4}.Debug|x64.ActiveCfg = Debug|x64
		{C04AD931-406C-49FC-9A64-F84AB1CB86A4}.Debug|x64.Build.0 = Debug|x64
		{C04AD931-406C-49FC-9A64-F84AB1CB86A4}.Debug|x86.ActiveCfg = Debug|Win32
		{C04AD931-406C-49FC-9A64-F84AB1CB86A4}.Debug|x86.Build.0 = Debug|Win32
		{C04AD931-406C-49FC-9A64-F84AB1CB86A4}.Release|x64.ActiveCfg = Release|x64
		{C04AD931-406C-49FC-9A64-F84AB1CB86A4}.Release|x64.Build.0 = Release|x64
		{C04AD931-406C-49FC-9A64-F84AB1CB86A4}.Release|x86.ActiveCfg = Release|Win32
		{C04AD931-406C-49FC-9A64-F84AB1CB86A4}.Release|x86.Build.0 = Release|Win32
		{5EDEC8F2-76A4-4748-964C-40936CFA6097}.Debug|x64.ActiveCfg = Debug|x64
		{5EDEC8F2-76A4-4748-964C-40936CFA6097}.Debug|x64.Build.0 = Debug|x64
		{5EDEC8F2-76A4-4748-964C-40936CFA6097}.Debug|x86.ActiveCfg = Debug|Win32
		{5EDEC8F2-76A4-4748-964C-40936CFA6097}.Debug|x86.Build.0 = Debug|Win32
		{5EDEC8F2-76A4-4748-964C-40936CFA6097}.Release|x64.ActiveCfg = Release|x64
		{5EDEC8F2-76A4-4748-964C-40936CFA6097}.Release|x64.Build.0 = Release|x64
		{5EDEC8F2-76A4-4748-964C-40936CFA6097}.Release|x86.ActiveCfg = Release|Win32
		{5EDEC8F2-76A4-4748-964C-40936CFA6097}.Release|x86.Build.0 = Release|Win32
		{01968517-34CC-4552-AF79-053FF0206218}.Debug|x64.ActiveCfg = Debug|x64
		{01968517-34CC-4552-AF79-053FF0206218}.Debug|x64.Build.0 = Debug|x64
		{01968517-34CC-4552-AF79-053FF0206218}.Debug|x86.ActiveCfg = Debug|Win32
		{01968517-34CC-4552-AF79-053FF0206218}.Debug|x86.Build.0 = Debug|Win32
		{01968517-34CC-4552-AF79-053FF0206218}.Release|x64.ActiveCfg = Release|x64
		{01968517-34CC-4552-AF79-053FF0206218}.Release|x64.Build.0 = Release|x64
		{01968517-34CC-4552-AF79-053FF0206218}.Release|x86.ActiveCfg = Release|Win32
		{01968517-34CC-4552-AF79-053FF0206218}.Release|x86.Build.0 = Release|Win32
		{28977CAD-8F08-4371-9D7E-F3C4559A85DA}.Debug|x64.ActiveCfg = Debug|x64
		{28977CAD-8F08-4371-9D7E-F3C4559A85DA}.Debug|x64.Build.0 = Debug|x64
		{28977CAD-8F08-4371-9D7E-F3C4559A85DA}.Debug|x86.ActiveCfg = Debug|Win32
		{28977CAD-8F08-4371-9D7E-F3C4559A85DA}.Debug|x86.Build.0 = Debug|Win32
		{28977CAD-8F08-4371-9D7E-F3C4559A85DA}.Release|x64.ActiveCfg = Release|x64
		{28977CAD-8F08-4371-9D7E-F3C4559A85DA}.Release|x64.Build.0 = Release|x64
		{28977CAD-8F08-4371-9D7E-F3C4559A85DA}.Release|x86.ActiveCfg = Release|Win32
		{28977CAD-8F08-4371-9D7E-F3C4559A85DA}.Release|x86.Build.0 = Release|Win32
		{45266A6E-7D51-4E38-B039-AD553AC0E30A}.Debug|x64.ActiveCfg = Debug|x64
		{45266A6E-7D51-4E38-B039-AD553AC0E30A}.Debug|x64.Build.0 = Debug|x64
		{45266A6E-7D51-4E38-B039-AD553AC0E30A}.Debug|x86.ActiveCfg = Debug|Win32
		{45266A6E-7D51-4E38-B039-AD553AC0E30A}.Debug|x86.Build.0 = Debug|Win32
		{45266A6E-7D51-4E38-B039-AD553AC0E30A}.Release|x64.ActiveCfg = Release|x64
		{45266A6E-7D51-4E38-B039-AD553AC0E30A}.Release|x64.Build.0 = Release|x64
		{45266A6E-7D51-4E38-B039-AD553AC0E30A}.Release|x86.ActiveCfg = Release|Win32
		{45266A6E-7D51-4E38-B039-AD553AC0E30A}.Release|x86.Build.0 = Release|Win32
		{6E06DF93-EA41-418A-BA66-A947ADAB79AA}.Debug|x64.ActiveCfg = Debug|x64
		{6E06DF93-EA41-418A-BA66-A947ADAB79AA}.Debug|x64.Build.0 = Debug|x64
		{6E06DF93-EA41-418A-BA66-A947ADAB79AA}.Debug|x86.ActiveCfg = Debug|Win32
		{6E06DF93-EA41-418A-BA66-A947ADAB79AA}.Debug|x86.Build.0 = Debug|Win32
		{6E06DF93-EA41-418A-BA66-A947ADAB79AA}.Release|x64.ActiveCfg = Release|x64
		{6E06DF93-EA41-418A-BA66-A947ADAB79AA}.Release|x64.Build.0 = Release|x64
		{6E06DF93-EA41-418A-BA66-A947ADAB79AA}.Release|x86.ActiveCfg = Release|Win32
		{6E06DF93-EA41-418A-BA66-A947ADAB79AA}.Release|x86.Build.0 = Release|Win32
		{0AABDFBE-93F5-41D0-A319-5EEED3F7B784}.Debug|x64.ActiveCfg = Debug|x64
		{0AABDFBE-93F5-41D0-A319-5EEED3F7B784}.Debug|x64.Build.0 = Debug|x64
		{0AABDFBE-93F5-41D0-A319-5EEED3F7B784}.Debug|x86.ActiveCfg = Debug|Win32
		{0AABDFBE-93F5-41D0-A319-5EEED3F7B784}.Debug|x86.Build.0 = Debug|Win32
		{0AABDFBE-93F5-41D0-A319-5EEED3F7B784}.Release|x64.ActiveCfg = Release|x64
		{0AABDFBE-93F5-41D0-A319-5EEED3F7B784}.Release|x64.Build.0 = Release|x64
		{0AABDFBE-93F5-41D0-A319-5EEED3F7B784}.Release|x86.ActiveCfg = Release|Win32
		{0AABDFBE-93F5-41D0-A319-5EEED3F7B784}.Release|x86.Build.0 = Release|Win32
		{2E0B8B5A-79C0-4284-855F-5965F777CC43}.Debug|x64.ActiveCfg = Debug|x64
		{2E0B8B5A-79C0-4284-855F-5965F777CC43}.Debug|x64.Build.0 = Debug|x64
		{2E0B8B5A-79C0-4284-855F-5965F777CC43}.Debug|x86.ActiveCfg = Debug|Win32
		{2E0B8B5A-79C0-4284-855F-5965F777CC43}.Debug|x86.Build.0 = Debug|Win32
		{2E0B8B5A-79C0-4284-855F-5965F777CC43}.Release|x64.ActiveCfg = Release|x64
		{2E0B8B5A-79C0-4284-855F-5965F777CC43}.Release|x64.Build.0 = Release|x64
		{2E0B8B5A-79C0-4284-855F-5965F777CC43}.Release|x86.ActiveCfg = Release|Win32
		{2E0B8B5A-79C0-4284-855F-5965F777CC43}.Release|x86.Build.0 = Release|Win32
		{003B4BF5-B478-4A64-9D63-7AF04855384D}.Debug|x64.ActiveCfg = Debug|x64
		{003B4BF5-B478-4A64-9D63-7AF04855384D}.Debug|x64.Build.0 = Debug|x64
		{003B4BF5-B478-4A64-9D63-7AF04855384D}.Debug|x86.ActiveCfg = Debug|Win32
		{003B4BF5-B478-4A64-9D63-7AF04855384D}.Debug|x86.Build.0 = Debug|Win32
		{003B4BF5-B478-4A64-9D63-7AF04855384D}.Release|x64.ActiveCfg = Release|x64
		{003B4BF5-B478-4A64-9D63-7AF04855384D}.Release|x64.Build.0 = Release|x64
		{003B4BF5-B478-4A64-9D63-7AF04855384D}.Release|x86.ActiveCfg = Release|Win32
		{003B4BF5-B478-4A64-9D63-7AF04855384D}.Release|x86.Build.0 = Release|Win32
		{2FCCB560-072E-40C8-BCB5-F330BAB0A4FC}.Debug|x64.ActiveCfg = Debug|x64
		{2FCCB560-072E-40C8-BCB5-F330BAB0A4FC}.Debug|x64.Build.0 = Debug|x64
		{2FCCB560-072E-40C8-BCB5-F330BAB0A4FC}.Debug|x86.ActiveCfg = Debug|Win32
		{2FCCB560-072E-40C8-BCB5-F330BAB0A4FC}.Debug|x86.Build.0 = Debug|Win32
		{2FCCB560-072E-40C8-BCB5-F330BAB0A4FC}.Release|x64.ActiveCfg = Release|x64
		{2FCCB560-072E-40C8-BCB5-F330BAB0A4FC}.Release|x64.Build.0 = Release|x64
		{2FCCB560-072E-40C8-BCB5-F330BAB0A4FC}.Release|x86.ActiveCfg = Release|Win32
		{2FCCB560-072E-40C8-BCB5-F330BAB0A4FC}.Release|x86.Build.0 = Release|Win32
		{09F68F47-B31A-45CB-9037-522B056DA32A}.Debug|x64.ActiveCfg = Debug|x64
		{09F68F47-B31A-45CB-9037-522B056DA32A}.Debug|x64.Build.0 = Debug|x64
		{09F68F47-B31A-45CB-9037-522B056DA32A}.Debug|x86.ActiveCfg = Debug|Win32
		{09F68F47-B31A-45CB-9037-522B056DA32A}.Debug|x86.Build.0 = Debug|Win32
		{09F68F47-B31A-45CB-9037-522B056DA32A}.Release|x64.ActiveCfg = Release|x64
		{09F68F47-B31A-45CB-9037-522B056DA32A}.Release|x64.Build.0 = Release|x64
		{09F68F47-B31A-45CB-9037-522B056DA32A}.Release|x86.ActiveCfg = Release|Win32
		{09F68F47-B31A-45CB-9037-522B056DA32A}.Release|x86.Build.0 = Release|Win32
		{B2B6DB33-D408-4CB5-BED7-B9F6093ED78A}.Debug|x64.ActiveCfg = Debug|x64
		{B2B6DB33-D408-4CB5-BED7-B9F6093ED78A}.Debug|x64.Build.0 = Debug|x64
		{B2B6DB33-D408-4CB5-BED7-B9F6093ED78A}.Debug|x86.ActiveCfg = Debug|Win32
		{B2B6DB33-D408-4CB5-BED7-B9F6093ED78A}.Debug|x86.Build.0 = Debug|Win32
		{B2B6DB33-D408-4CB5-BED7-B9F6093ED78A}.Release|x64.ActiveCfg = Release|x64
		{B2B6DB33-D408-4CB5-BED7-B9F6093ED78A}.Release|x64.Build.0 = Release|x64
		{B2B6DB33-D408-4CB5-BED7-B9F6093ED78A}.Release|x86.ActiveCfg = Release|Win32
		{B2B6DB33-D408-4CB5-BED7-B9F6093ED78A}.Release|x86.Build.0 = Release|Win32
		{EC2F8768-296A-4BB8-A2FE-F97126F089E0}.Debug|x64.ActiveCfg = Debug|x64
		{EC2F8768-296A-4BB8-A2FE-F97126F089E0}.Debug|x64.Build.0 = Debug|x64
		{EC2F8768-296A-4BB8-A2FE-F97126F089E0}.Debug|x86.ActiveCfg = Debug|Win32
		{EC2F8768-296A-4BB8-A2FE-F97126F089E0}.Debug|x86.Build.0 = Debug|Win32
		{EC2F8768-296A-4BB8-A2FE-F97126F089E0}.Release|x64.ActiveCfg = Release|x64
		{EC2F8768-296A-4BB8-A2FE-F97126F089E0}.Release|x64.Build.0 = Release|x64
		{EC2F8768-296A-4BB8-A2FE-F97126F089E0}.Release|x86.ActiveCfg = Release|Win32
		{EC2F8768-296A-4BB8-A2FE-F97126F089E0}.Release|x86.Build.0 = Release|Win32
		{83ED6D92-C8EF-4587-9778-0DE96060901E}.Debug|x64.ActiveCfg = Debug|x64
		{83ED6D92-C8EF-4587-9778-0DE96060901E}.Debug|x64.Build.0 = Debug|x64
		{83ED6D92-C8EF-4587-9778-0DE96060901E}.Debug|x86.ActiveCfg = Debug|Win32
		{83ED6D92-C8EF-4587-9778-0DE96060901E}.Debug|x86.Build.0 = Debug|Win32
		{83ED6D92-C8EF-4587-9778-0DE96060901E}.Release|x64.ActiveCfg = Release|x64
		{83ED6D92-C8EF-4587-9778-0DE96060901E}.Release|x64.Build.0 = Release|x64
		{83ED6D92-C8EF-4587-9778-0DE96060901E}.Release|x86.ActiveCfg = Release|Win32
		{83ED6D92-C8EF-4587-9778-0DE96060901E}.Release|x86.Build.0 = Release|Win32
		{7DE7D14E-B62E-4B82-AD98-0EBCEC8FA412}.Debug|x64.ActiveCfg = Debug|x64
		{7DE7D14E-B62E-4B82-AD98-0EBCEC8FA412}.Debug|x64.Build.0 = Debug|x64
		{7DE7D14E-B62E-4B82-AD98-0EBCEC8FA412}.Debug|x86.ActiveCfg = Debug|Win32
		{7DE7D14E-B62E-4B82-AD98-0EBCEC8FA412}.Debug|x86.Build.0 = Debug|Win32
		{7DE7D14E-B62E-4B82-AD98-0EBCEC8FA412}.Release|x64.ActiveCfg = Release|x64
		{7DE7D14E-B62E-4B82-AD98-0EBCEC8FA412}.Release|x64.Build.0 = Release|x64
		{7DE7D14E-B62E-4B82-AD98-0EBCEC8FA412}.Release|x86.ActiveCfg = Release|Win32
		{7DE7D14E-B62E-4B82-AD98-0EBCEC8FA412}.Release|x86.Build.0 = Release|Win32
	EndGlobalSection
	GlobalSection(SolutionProperties) = preSolution
		HideSolutionNode = FALSE
	EndGlobalSection
	GlobalSection(ExtensibilityGlobals) = postSolution
		SolutionGuid = {857C8900-1F06-4B0D-B049-2BA7589AA97F}
	EndGlobalSection
EndGlobal
